
Microsoft Visual Studio Solution File, Format Version 12.00
# Visual Studio Version 16
VisualStudioVersion = 16.0.31424.327
MinimumVisualStudioVersion = 10.0.40219.1
Project("{9A19103F-16F7-4668-BE54-9A1E7A4F7556}") = "ApıGateway", "ApıGateWay\ApıGateway.csproj", "{9CA3DF4E-5D50-4C06-A1EF-1D12362299FB}"
EndProject
Project("{2150E333-8FDC-42A3-9474-1A3956D46DE8}") = "Services", "Services", "{A0826DD9-1B52-4A85-9FB7-2B16D64A304E}"
EndProject
Project("{2150E333-8FDC-42A3-9474-1A3956D46DE8}") = "CategoryAPI", "CategoryAPI", "{49A894C6-85C9-4AD8-81BF-A6749C0A945B}"
EndProject
Project("{9A19103F-16F7-4668-BE54-9A1E7A4F7556}") = "Category.API.Entities", "Services\CategoryAPI\Category.API.Models\Category.API.Entities.csproj", "{01353FEE-2D77-451C-A884-4B4841B2055F}"
EndProject
Project("{9A19103F-16F7-4668-BE54-9A1E7A4F7556}") = "Category.API.DataAccess", "Services\CategoryAPI\Category.API.DataAccess\Category.API.DataAccess.csproj", "{1D3039DD-EEFA-41B3-9A5E-E6927740E4BC}"
EndProject
Project("{9A19103F-16F7-4668-BE54-9A1E7A4F7556}") = "Category.API.Business", "Services\CategoryAPI\Category.API.Business\Category.API.Business.csproj", "{9AA74DF4-E50D-4D5D-92BA-D9EEBE4F790B}"
EndProject
Project("{9A19103F-16F7-4668-BE54-9A1E7A4F7556}") = "Core", "Core\Core.csproj", "{52E14EE8-A393-4B32-8293-9766A687FFD2}"
EndProject
Project("{9A19103F-16F7-4668-BE54-9A1E7A4F7556}") = "Category.API", "Services\CategoryAPI\Category.API\Category.API.csproj", "{A96227DA-951F-4133-888C-DCAFE692739E}"
EndProject
Project("{2150E333-8FDC-42A3-9474-1A3956D46DE8}") = "CompanyAPI", "CompanyAPI", "{C82A3DFE-6AAF-49B4-9227-888C50DC2F55}"
EndProject
Project("{9A19103F-16F7-4668-BE54-9A1E7A4F7556}") = "Company.API.Entities", "Services\CustomerAPI\Customer.API.Models\Company.API.Entities.csproj", "{02469061-AFE2-46EA-B10A-F490615FAF20}"
EndProject
Project("{9A19103F-16F7-4668-BE54-9A1E7A4F7556}") = "Company.API.DataAccess", "Services\CustomerAPI\Customer.API.DataAccess\Company.API.DataAccess.csproj", "{D142C1E1-7249-472A-91AC-6C90434F8B30}"
EndProject
Project("{9A19103F-16F7-4668-BE54-9A1E7A4F7556}") = "Company.API.Business", "Services\CustomerAPI\Customer.API.Business\Company.API.Business.csproj", "{A9188DE8-8F1C-48D7-B9B5-69C5B379538A}"
EndProject
Project("{9A19103F-16F7-4668-BE54-9A1E7A4F7556}") = "DataContext", "DataContext\DataContext.csproj", "{F2E8EB66-A4A9-438A-A265-CA66EEC5C947}"
EndProject
Project("{9A19103F-16F7-4668-BE54-9A1E7A4F7556}") = "Company.API", "Services\CustomerAPI\Customer.API\Company.API.csproj", "{CA9356B0-37B9-420C-880A-A4F85F19B216}"
EndProject
Project("{2150E333-8FDC-42A3-9474-1A3956D46DE8}") = "UsersAPI", "UsersAPI", "{FC2AA6EE-7D32-4D65-8867-6493FF830AE6}"
EndProject
Project("{9A19103F-16F7-4668-BE54-9A1E7A4F7556}") = "Users.API.Entities", "Services\UsersAPI\Users.API.Entities\Users.API.Entities.csproj", "{9821CABF-83B2-4F71-92FF-A9B710734D43}"
EndProject
Project("{9A19103F-16F7-4668-BE54-9A1E7A4F7556}") = "Users.API.DataAccess", "Services\UsersAPI\Users.API.DataAccess\Users.API.DataAccess.csproj", "{EB4098F5-F22D-4300-818A-B3D4FF37925A}"
EndProject
Project("{9A19103F-16F7-4668-BE54-9A1E7A4F7556}") = "Users.API.Business", "Services\UsersAPI\Users.API.Business\Users.API.Business.csproj", "{A29E6797-F4DE-4AB7-87CE-5C3DBEE58629}"
EndProject
Global
	GlobalSection(SolutionConfigurationPlatforms) = preSolution
		Debug|Any CPU = Debug|Any CPU
		Release|Any CPU = Release|Any CPU
	EndGlobalSection
	GlobalSection(ProjectConfigurationPlatforms) = postSolution
		{9CA3DF4E-5D50-4C06-A1EF-1D12362299FB}.Debug|Any CPU.ActiveCfg = Debug|Any CPU
		{9CA3DF4E-5D50-4C06-A1EF-1D12362299FB}.Debug|Any CPU.Build.0 = Debug|Any CPU
		{9CA3DF4E-5D50-4C06-A1EF-1D12362299FB}.Release|Any CPU.ActiveCfg = Release|Any CPU
		{9CA3DF4E-5D50-4C06-A1EF-1D12362299FB}.Release|Any CPU.Build.0 = Release|Any CPU
		{01353FEE-2D77-451C-A884-4B4841B2055F}.Debug|Any CPU.ActiveCfg = Debug|Any CPU
		{01353FEE-2D77-451C-A884-4B4841B2055F}.Debug|Any CPU.Build.0 = Debug|Any CPU
		{01353FEE-2D77-451C-A884-4B4841B2055F}.Release|Any CPU.ActiveCfg = Release|Any CPU
		{01353FEE-2D77-451C-A884-4B4841B2055F}.Release|Any CPU.Build.0 = Release|Any CPU
		{1D3039DD-EEFA-41B3-9A5E-E6927740E4BC}.Debug|Any CPU.ActiveCfg = Debug|Any CPU
		{1D3039DD-EEFA-41B3-9A5E-E6927740E4BC}.Debug|Any CPU.Build.0 = Debug|Any CPU
		{1D3039DD-EEFA-41B3-9A5E-E6927740E4BC}.Release|Any CPU.ActiveCfg = Release|Any CPU
		{1D3039DD-EEFA-41B3-9A5E-E6927740E4BC}.Release|Any CPU.Build.0 = Release|Any CPU
		{9AA74DF4-E50D-4D5D-92BA-D9EEBE4F790B}.Debug|Any CPU.ActiveCfg = Debug|Any CPU
		{9AA74DF4-E50D-4D5D-92BA-D9EEBE4F790B}.Debug|Any CPU.Build.0 = Debug|Any CPU
		{9AA74DF4-E50D-4D5D-92BA-D9EEBE4F790B}.Release|Any CPU.ActiveCfg = Release|Any CPU
		{9AA74DF4-E50D-4D5D-92BA-D9EEBE4F790B}.Release|Any CPU.Build.0 = Release|Any CPU
		{52E14EE8-A393-4B32-8293-9766A687FFD2}.Debug|Any CPU.ActiveCfg = Debug|Any CPU
		{52E14EE8-A393-4B32-8293-9766A687FFD2}.Debug|Any CPU.Build.0 = Debug|Any CPU
		{52E14EE8-A393-4B32-8293-9766A687FFD2}.Release|Any CPU.ActiveCfg = Release|Any CPU
		{52E14EE8-A393-4B32-8293-9766A687FFD2}.Release|Any CPU.Build.0 = Release|Any CPU
		{A96227DA-951F-4133-888C-DCAFE692739E}.Debug|Any CPU.ActiveCfg = Debug|Any CPU
		{A96227DA-951F-4133-888C-DCAFE692739E}.Debug|Any CPU.Build.0 = Debug|Any CPU
		{A96227DA-951F-4133-888C-DCAFE692739E}.Release|Any CPU.ActiveCfg = Release|Any CPU
		{A96227DA-951F-4133-888C-DCAFE692739E}.Release|Any CPU.Build.0 = Release|Any CPU
		{02469061-AFE2-46EA-B10A-F490615FAF20}.Debug|Any CPU.ActiveCfg = Debug|Any CPU
		{02469061-AFE2-46EA-B10A-F490615FAF20}.Debug|Any CPU.Build.0 = Debug|Any CPU
		{02469061-AFE2-46EA-B10A-F490615FAF20}.Release|Any CPU.ActiveCfg = Release|Any CPU
		{02469061-AFE2-46EA-B10A-F490615FAF20}.Release|Any CPU.Build.0 = Release|Any CPU
		{D142C1E1-7249-472A-91AC-6C90434F8B30}.Debug|Any CPU.ActiveCfg = Debug|Any CPU
		{D142C1E1-7249-472A-91AC-6C90434F8B30}.Debug|Any CPU.Build.0 = Debug|Any CPU
		{D142C1E1-7249-472A-91AC-6C90434F8B30}.Release|Any CPU.ActiveCfg = Release|Any CPU
		{D142C1E1-7249-472A-91AC-6C90434F8B30}.Release|Any CPU.Build.0 = Release|Any CPU
		{A9188DE8-8F1C-48D7-B9B5-69C5B379538A}.Debug|Any CPU.ActiveCfg = Debug|Any CPU
		{A9188DE8-8F1C-48D7-B9B5-69C5B379538A}.Debug|Any CPU.Build.0 = Debug|Any CPU
		{A9188DE8-8F1C-48D7-B9B5-69C5B379538A}.Release|Any CPU.ActiveCfg = Release|Any CPU
		{A9188DE8-8F1C-48D7-B9B5-69C5B379538A}.Release|Any CPU.Build.0 = Release|Any CPU
		{F2E8EB66-A4A9-438A-A265-CA66EEC5C947}.Debug|Any CPU.ActiveCfg = Debug|Any CPU
		{F2E8EB66-A4A9-438A-A265-CA66EEC5C947}.Debug|Any CPU.Build.0 = Debug|Any CPU
		{F2E8EB66-A4A9-438A-A265-CA66EEC5C947}.Release|Any CPU.ActiveCfg = Release|Any CPU
		{F2E8EB66-A4A9-438A-A265-CA66EEC5C947}.Release|Any CPU.Build.0 = Release|Any CPU
		{CA9356B0-37B9-420C-880A-A4F85F19B216}.Debug|Any CPU.ActiveCfg = Debug|Any CPU
		{CA9356B0-37B9-420C-880A-A4F85F19B216}.Debug|Any CPU.Build.0 = Debug|Any CPU
		{CA9356B0-37B9-420C-880A-A4F85F19B216}.Release|Any CPU.ActiveCfg = Release|Any CPU
		{CA9356B0-37B9-420C-880A-A4F85F19B216}.Release|Any CPU.Build.0 = Release|Any CPU
		{9821CABF-83B2-4F71-92FF-A9B710734D43}.Debug|Any CPU.ActiveCfg = Debug|Any CPU
		{9821CABF-83B2-4F71-92FF-A9B710734D43}.Debug|Any CPU.Build.0 = Debug|Any CPU
		{9821CABF-83B2-4F71-92FF-A9B710734D43}.Release|Any CPU.ActiveCfg = Release|Any CPU
		{9821CABF-83B2-4F71-92FF-A9B710734D43}.Release|Any CPU.Build.0 = Release|Any CPU
		{EB4098F5-F22D-4300-818A-B3D4FF37925A}.Debug|Any CPU.ActiveCfg = Debug|Any CPU
		{EB4098F5-F22D-4300-818A-B3D4FF37925A}.Debug|Any CPU.Build.0 = Debug|Any CPU
		{EB4098F5-F22D-4300-818A-B3D4FF37925A}.Release|Any CPU.ActiveCfg = Release|Any CPU
		{EB4098F5-F22D-4300-818A-B3D4FF37925A}.Release|Any CPU.Build.0 = Release|Any CPU
		{A29E6797-F4DE-4AB7-87CE-5C3DBEE58629}.Debug|Any CPU.ActiveCfg = Debug|Any CPU
		{A29E6797-F4DE-4AB7-87CE-5C3DBEE58629}.Debug|Any CPU.Build.0 = Debug|Any CPU
		{A29E6797-F4DE-4AB7-87CE-5C3DBEE58629}.Release|Any CPU.ActiveCfg = Release|Any CPU
		{A29E6797-F4DE-4AB7-87CE-5C3DBEE58629}.Release|Any CPU.Build.0 = Release|Any CPU
	EndGlobalSection
	GlobalSection(SolutionProperties) = preSolution
		HideSolutionNode = FALSE
	EndGlobalSection
	GlobalSection(NestedProjects) = preSolution
		{49A894C6-85C9-4AD8-81BF-A6749C0A945B} = {A0826DD9-1B52-4A85-9FB7-2B16D64A304E}
		{01353FEE-2D77-451C-A884-4B4841B2055F} = {49A894C6-85C9-4AD8-81BF-A6749C0A945B}
		{1D3039DD-EEFA-41B3-9A5E-E6927740E4BC} = {49A894C6-85C9-4AD8-81BF-A6749C0A945B}
		{9AA74DF4-E50D-4D5D-92BA-D9EEBE4F790B} = {49A894C6-85C9-4AD8-81BF-A6749C0A945B}
		{A96227DA-951F-4133-888C-DCAFE692739E} = {49A894C6-85C9-4AD8-81BF-A6749C0A945B}
		{C82A3DFE-6AAF-49B4-9227-888C50DC2F55} = {A0826DD9-1B52-4A85-9FB7-2B16D64A304E}
		{02469061-AFE2-46EA-B10A-F490615FAF20} = {C82A3DFE-6AAF-49B4-9227-888C50DC2F55}
		{D142C1E1-7249-472A-91AC-6C90434F8B30} = {C82A3DFE-6AAF-49B4-9227-888C50DC2F55}
		{A9188DE8-8F1C-48D7-B9B5-69C5B379538A} = {C82A3DFE-6AAF-49B4-9227-888C50DC2F55}
		{CA9356B0-37B9-420C-880A-A4F85F19B216} = {C82A3DFE-6AAF-49B4-9227-888C50DC2F55}
		{FC2AA6EE-7D32-4D65-8867-6493FF830AE6} = {A0826DD9-1B52-4A85-9FB7-2B16D64A304E}
		{9821CABF-83B2-4F71-92FF-A9B710734D43} = {FC2AA6EE-7D32-4D65-8867-6493FF830AE6}
		{EB4098F5-F22D-4300-818A-B3D4FF37925A} = {FC2AA6EE-7D32-4D65-8867-6493FF830AE6}
		{A29E6797-F4DE-4AB7-87CE-5C3DBEE58629} = {FC2AA6EE-7D32-4D65-8867-6493FF830AE6}
	EndGlobalSection
	GlobalSection(ExtensibilityGlobals) = postSolution
		SolutionGuid = {92CB0F3C-6016-4315-AEE3-B0A46C146BC3}
	EndGlobalSection
EndGlobal
